PODS:
  - ISO3166 (0.1.0)
  - ITU-T (0.1.0):
    - ITU-T/E212 (= 0.1.0)
  - ITU-T/E212 (0.1.0):
    - ISO3166

DEPENDENCIES:
  - ISO3166 (from `../../ISO3166`)
  - ITU-T (from `../`)

EXTERNAL SOURCES:
  ISO3166:
    :path: "../../ISO3166"
  ITU-T:
    :path: "../"

SPEC CHECKSUMS:
  ISO3166: '0494832e15f4b9a537e9f67431f2465174df31bb'
  ITU-T: e11c143866e8f7e10b167d12256e1280702a53ac

PODFILE CHECKSUM: befe3311a79f094e3279a93a85c574234d0527c5

COCOAPODS: 1.2.1
